
Microsoft Visual Studio Solution File, Format Version 11.00
# Visual Studio 2010
Project("{FAE04EC0-301F-11D3-BF4B-00C04F79EFBC}") = "Nequeo.Data.Oracle.Provider", "Nequeo.Data.Oracle.Provider\Nequeo.Data.Oracle.Provider.csproj", "{66946A32-6450-4F74-9F49-141EC28FF3FE}"
EndProject
Global
	GlobalSection(TeamFoundationVersionControl) = preSolution
		SccNumberOfProjects = 2
		SccEnterpriseProvider = {4CA58AB2-18FA-4F8D-95D4-32DDF27D184C}
		SccTeamFoundationServer = http://development:8080/tfs/nequeocollection
		SccLocalPath0 = .
		SccProjectUniqueName1 = Nequeo.Data.Oracle.Provider\\Nequeo.Data.Oracle.Provider.csproj
		SccProjectName1 = Nequeo.Data.Oracle.Provider
		SccLocalPath1 = Nequeo.Data.Oracle.Provider
	EndGlobalSection
	GlobalSection(SolutionConfigurationPlatforms) = preSolution
		Debug|Any CPU = Debug|Any CPU
		Release|Any CPU = Release|Any CPU
	EndGlobalSection
	GlobalSection(ProjectConfigurationPlatforms) = postSolution
		{66946A32-6450-4F74-9F49-141EC28FF3FE}.Debug|Any CPU.ActiveCfg = Debug|Any CPU
		{66946A32-6450-4F74-9F49-141EC28FF3FE}.Debug|Any CPU.Build.0 = Debug|Any CPU
		{66946A32-6450-4F74-9F49-141EC28FF3FE}.Release|Any CPU.ActiveCfg = Release|Any CPU
		{66946A32-6450-4F74-9F49-141EC28FF3FE}.Release|Any CPU.Build.0 = Release|Any CPU
	EndGlobalSection
	GlobalSection(SolutionProperties) = preSolution
		HideSolutionNode = FALSE
	EndGlobalSection
EndGlobal
