
Microsoft Visual Studio Solution File, Format Version 12.00
# Visual Studio 2013
VisualStudioVersion = 12.0.30723.0
MinimumVisualStudioVersion = 10.0.40219.1
Project("{FAE04EC0-301F-11D3-BF4B-00C04F79EFBC}") = "Nequeo.Imap4.Proxy.Server", "Nequeo.Imap4.Proxy.Server\Nequeo.Imap4.Proxy.Server.csproj", "{29BD5CCE-030C-43E4-AD98-1AC9D7C6BCAD}"
EndProject
Project("{FAE04EC0-301F-11D3-BF4B-00C04F79EFBC}") = "Nequeo.Imap4.Proxy.Service", "Nequeo.Imap4.Proxy.Service\Nequeo.Imap4.Proxy.Service.csproj", "{EF61448E-2CF8-49BC-B442-CFDE36D4F077}"
EndProject
Project("{FAE04EC0-301F-11D3-BF4B-00C04F79EFBC}") = "Test.Harness.Imap4.Proxy.Server", "Test.Harness.Imap4.Proxy.Server\Test.Harness.Imap4.Proxy.Server.csproj", "{D1F98220-1A75-46CF-A561-B5C53D815BE2}"
EndProject
Global
	GlobalSection(TeamFoundationVersionControl) = preSolution
		SccNumberOfProjects = 4
		SccEnterpriseProvider = {4CA58AB2-18FA-4F8D-95D4-32DDF27D184C}
		SccTeamFoundationServer = http://development:8080/tfs/version2013collection
		SccProjectUniqueName0 = Nequeo.Imap4.Proxy.Server\\Nequeo.Imap4.Proxy.Server.csproj
		SccProjectName0 = Nequeo.Imap4.Proxy.Server
		SccLocalPath0 = Nequeo.Imap4.Proxy.Server
		SccProjectUniqueName1 = Nequeo.Imap4.Proxy.Service\\Nequeo.Imap4.Proxy.Service.csproj
		SccProjectName1 = Nequeo.Imap4.Proxy.Service
		SccLocalPath1 = Nequeo.Imap4.Proxy.Service
		SccProjectUniqueName2 = Test.Harness.Imap4.Proxy.Server\\Test.Harness.Imap4.Proxy.Server.csproj
		SccProjectName2 = Test.Harness.Imap4.Proxy.Server
		SccLocalPath2 = Test.Harness.Imap4.Proxy.Server
		SccLocalPath3 = .
	EndGlobalSection
	GlobalSection(SolutionConfigurationPlatforms) = preSolution
		Debug|Any CPU = Debug|Any CPU
		Debug|Mixed Platforms = Debug|Mixed Platforms
		Debug|x86 = Debug|x86
		Production Debug|Any CPU = Production Debug|Any CPU
		Production Debug|Mixed Platforms = Production Debug|Mixed Platforms
		Production Debug|x86 = Production Debug|x86
		Production Release|Any CPU = Production Release|Any CPU
		Production Release|Mixed Platforms = Production Release|Mixed Platforms
		Production Release|x86 = Production Release|x86
		Release|Any CPU = Release|Any CPU
		Release|Mixed Platforms = Release|Mixed Platforms
		Release|x86 = Release|x86
	EndGlobalSection
	GlobalSection(ProjectConfigurationPlatforms) = postSolution
		{29BD5CCE-030C-43E4-AD98-1AC9D7C6BCAD}.Debug|Any CPU.ActiveCfg = Debug|Any CPU
		{29BD5CCE-030C-43E4-AD98-1AC9D7C6BCAD}.Debug|Any CPU.Build.0 = Debug|Any CPU
		{29BD5CCE-030C-43E4-AD98-1AC9D7C6BCAD}.Debug|Mixed Platforms.ActiveCfg = Debug|Any CPU
		{29BD5CCE-030C-43E4-AD98-1AC9D7C6BCAD}.Debug|Mixed Platforms.Build.0 = Debug|Any CPU
		{29BD5CCE-030C-43E4-AD98-1AC9D7C6BCAD}.Debug|x86.ActiveCfg = Debug|Any CPU
		{29BD5CCE-030C-43E4-AD98-1AC9D7C6BCAD}.Production Debug|Any CPU.ActiveCfg = Production Debug|Any CPU
		{29BD5CCE-030C-43E4-AD98-1AC9D7C6BCAD}.Production Debug|Any CPU.Build.0 = Production Debug|Any CPU
		{29BD5CCE-030C-43E4-AD98-1AC9D7C6BCAD}.Production Debug|Mixed Platforms.ActiveCfg = Production Debug|x86
		{29BD5CCE-030C-43E4-AD98-1AC9D7C6BCAD}.Production Debug|Mixed Platforms.Build.0 = Production Debug|x86
		{29BD5CCE-030C-43E4-AD98-1AC9D7C6BCAD}.Production Debug|x86.ActiveCfg = Production Debug|x86
		{29BD5CCE-030C-43E4-AD98-1AC9D7C6BCAD}.Production Debug|x86.Build.0 = Production Debug|x86
		{29BD5CCE-030C-43E4-AD98-1AC9D7C6BCAD}.Production Release|Any CPU.ActiveCfg = Production Release|Any CPU
		{29BD5CCE-030C-43E4-AD98-1AC9D7C6BCAD}.Production Release|Any CPU.Build.0 = Production Release|Any CPU
		{29BD5CCE-030C-43E4-AD98-1AC9D7C6BCAD}.Production Release|Mixed Platforms.ActiveCfg = Production Release|x86
		{29BD5CCE-030C-43E4-AD98-1AC9D7C6BCAD}.Production Release|Mixed Platforms.Build.0 = Production Release|x86
		{29BD5CCE-030C-43E4-AD98-1AC9D7C6BCAD}.Production Release|x86.ActiveCfg = Production Release|x86
		{29BD5CCE-030C-43E4-AD98-1AC9D7C6BCAD}.Production Release|x86.Build.0 = Production Release|x86
		{29BD5CCE-030C-43E4-AD98-1AC9D7C6BCAD}.Release|Any CPU.ActiveCfg = Release|Any CPU
		{29BD5CCE-030C-43E4-AD98-1AC9D7C6BCAD}.Release|Any CPU.Build.0 = Release|Any CPU
		{29BD5CCE-030C-43E4-AD98-1AC9D7C6BCAD}.Release|Mixed Platforms.ActiveCfg = Release|Any CPU
		{29BD5CCE-030C-43E4-AD98-1AC9D7C6BCAD}.Release|Mixed Platforms.Build.0 = Release|Any CPU
		{29BD5CCE-030C-43E4-AD98-1AC9D7C6BCAD}.Release|x86.ActiveCfg = Release|x86
		{EF61448E-2CF8-49BC-B442-CFDE36D4F077}.Debug|Any CPU.ActiveCfg = Debug|Any CPU
		{EF61448E-2CF8-49BC-B442-CFDE36D4F077}.Debug|Any CPU.Build.0 = Debug|Any CPU
		{EF61448E-2CF8-49BC-B442-CFDE36D4F077}.Debug|Mixed Platforms.ActiveCfg = Debug|x86
		{EF61448E-2CF8-49BC-B442-CFDE36D4F077}.Debug|Mixed Platforms.Build.0 = Debug|x86
		{EF61448E-2CF8-49BC-B442-CFDE36D4F077}.Debug|x86.ActiveCfg = Debug|x86
		{EF61448E-2CF8-49BC-B442-CFDE36D4F077}.Debug|x86.Build.0 = Debug|x86
		{EF61448E-2CF8-49BC-B442-CFDE36D4F077}.Production Debug|Any CPU.ActiveCfg = Production Debug|Any CPU
		{EF61448E-2CF8-49BC-B442-CFDE36D4F077}.Production Debug|Any CPU.Build.0 = Production Debug|Any CPU
		{EF61448E-2CF8-49BC-B442-CFDE36D4F077}.Production Debug|Mixed Platforms.ActiveCfg = Production Debug|x64
		{EF61448E-2CF8-49BC-B442-CFDE36D4F077}.Production Debug|Mixed Platforms.Build.0 = Production Debug|x64
		{EF61448E-2CF8-49BC-B442-CFDE36D4F077}.Production Debug|x86.ActiveCfg = Production Debug|x86
		{EF61448E-2CF8-49BC-B442-CFDE36D4F077}.Production Debug|x86.Build.0 = Production Debug|x86
		{EF61448E-2CF8-49BC-B442-CFDE36D4F077}.Production Release|Any CPU.ActiveCfg = Production Release|Any CPU
		{EF61448E-2CF8-49BC-B442-CFDE36D4F077}.Production Release|Any CPU.Build.0 = Production Release|Any CPU
		{EF61448E-2CF8-49BC-B442-CFDE36D4F077}.Production Release|Mixed Platforms.ActiveCfg = Production Release|x64
		{EF61448E-2CF8-49BC-B442-CFDE36D4F077}.Production Release|Mixed Platforms.Build.0 = Production Release|x64
		{EF61448E-2CF8-49BC-B442-CFDE36D4F077}.Production Release|x86.ActiveCfg = Production Release|x86
		{EF61448E-2CF8-49BC-B442-CFDE36D4F077}.Production Release|x86.Build.0 = Production Release|x86
		{EF61448E-2CF8-49BC-B442-CFDE36D4F077}.Release|Any CPU.ActiveCfg = Release|Any CPU
		{EF61448E-2CF8-49BC-B442-CFDE36D4F077}.Release|Any CPU.Build.0 = Release|Any CPU
		{EF61448E-2CF8-49BC-B442-CFDE36D4F077}.Release|Mixed Platforms.ActiveCfg = Release|Any CPU
		{EF61448E-2CF8-49BC-B442-CFDE36D4F077}.Release|Mixed Platforms.Build.0 = Release|Any CPU
		{EF61448E-2CF8-49BC-B442-CFDE36D4F077}.Release|x86.ActiveCfg = Release|x86
		{EF61448E-2CF8-49BC-B442-CFDE36D4F077}.Release|x86.Build.0 = Release|x86
		{D1F98220-1A75-46CF-A561-B5C53D815BE2}.Debug|Any CPU.ActiveCfg = Debug|x86
		{D1F98220-1A75-46CF-A561-B5C53D815BE2}.Debug|Mixed Platforms.ActiveCfg = Debug|x86
		{D1F98220-1A75-46CF-A561-B5C53D815BE2}.Debug|Mixed Platforms.Build.0 = Debug|x86
		{D1F98220-1A75-46CF-A561-B5C53D815BE2}.Debug|x86.ActiveCfg = Debug|x86
		{D1F98220-1A75-46CF-A561-B5C53D815BE2}.Debug|x86.Build.0 = Debug|x86
		{D1F98220-1A75-46CF-A561-B5C53D815BE2}.Production Debug|Any CPU.ActiveCfg = Debug|x86
		{D1F98220-1A75-46CF-A561-B5C53D815BE2}.Production Debug|Mixed Platforms.ActiveCfg = Debug|x86
		{D1F98220-1A75-46CF-A561-B5C53D815BE2}.Production Debug|Mixed Platforms.Build.0 = Debug|x86
		{D1F98220-1A75-46CF-A561-B5C53D815BE2}.Production Debug|x86.ActiveCfg = Debug|x86
		{D1F98220-1A75-46CF-A561-B5C53D815BE2}.Production Debug|x86.Build.0 = Debug|x86
		{D1F98220-1A75-46CF-A561-B5C53D815BE2}.Production Release|Any CPU.ActiveCfg = Release|x86
		{D1F98220-1A75-46CF-A561-B5C53D815BE2}.Production Release|Mixed Platforms.ActiveCfg = Release|x86
		{D1F98220-1A75-46CF-A561-B5C53D815BE2}.Production Release|Mixed Platforms.Build.0 = Release|x86
		{D1F98220-1A75-46CF-A561-B5C53D815BE2}.Production Release|x86.ActiveCfg = Release|x86
		{D1F98220-1A75-46CF-A561-B5C53D815BE2}.Production Release|x86.Build.0 = Release|x86
		{D1F98220-1A75-46CF-A561-B5C53D815BE2}.Release|Any CPU.ActiveCfg = Release|x86
		{D1F98220-1A75-46CF-A561-B5C53D815BE2}.Release|Mixed Platforms.ActiveCfg = Release|x86
		{D1F98220-1A75-46CF-A561-B5C53D815BE2}.Release|Mixed Platforms.Build.0 = Release|x86
		{D1F98220-1A75-46CF-A561-B5C53D815BE2}.Release|x86.ActiveCfg = Release|x86
		{D1F98220-1A75-46CF-A561-B5C53D815BE2}.Release|x86.Build.0 = Release|x86
	EndGlobalSection
	GlobalSection(SolutionProperties) = preSolution
		HideSolutionNode = FALSE
	EndGlobalSection
EndGlobal
