
Microsoft Visual Studio Solution File, Format Version 12.00
# Visual Studio 2013
VisualStudioVersion = 12.0.30723.0
MinimumVisualStudioVersion = 10.0.40219.1
Project("{FAE04EC0-301F-11D3-BF4B-00C04F79EFBC}") = "Nequeo.Drawing.Document", "Nequeo.Drawing.Document\Nequeo.Drawing.Document.csproj", "{EB829CB5-FD6B-48F5-BCA1-7CFCF391BBB0}"
EndProject
Global
	GlobalSection(TeamFoundationVersionControl) = preSolution
		SccNumberOfProjects = 2
		SccEnterpriseProvider = {4CA58AB2-18FA-4F8D-95D4-32DDF27D184C}
		SccTeamFoundationServer = http://development:8080/tfs/version2013collection
		SccLocalPath0 = .
		SccProjectUniqueName1 = Nequeo.Drawing.Document\\Nequeo.Drawing.Document.csproj
		SccProjectName1 = Nequeo.Drawing.Document
		SccLocalPath1 = Nequeo.Drawing.Document
	EndGlobalSection
	GlobalSection(SolutionConfigurationPlatforms) = preSolution
		Debug|Any CPU = Debug|Any CPU
		Release|Any CPU = Release|Any CPU
		Staging Debug|Any CPU = Staging Debug|Any CPU
		Staging Release|Any CPU = Staging Release|Any CPU
	EndGlobalSection
	GlobalSection(ProjectConfigurationPlatforms) = postSolution
		{EB829CB5-FD6B-48F5-BCA1-7CFCF391BBB0}.Debug|Any CPU.ActiveCfg = Debug|Any CPU
		{EB829CB5-FD6B-48F5-BCA1-7CFCF391BBB0}.Debug|Any CPU.Build.0 = Debug|Any CPU
		{EB829CB5-FD6B-48F5-BCA1-7CFCF391BBB0}.Release|Any CPU.ActiveCfg = Release|Any CPU
		{EB829CB5-FD6B-48F5-BCA1-7CFCF391BBB0}.Release|Any CPU.Build.0 = Release|Any CPU
		{EB829CB5-FD6B-48F5-BCA1-7CFCF391BBB0}.Staging Debug|Any CPU.ActiveCfg = Staging Debug|Any CPU
		{EB829CB5-FD6B-48F5-BCA1-7CFCF391BBB0}.Staging Debug|Any CPU.Build.0 = Staging Debug|Any CPU
		{EB829CB5-FD6B-48F5-BCA1-7CFCF391BBB0}.Staging Release|Any CPU.ActiveCfg = Staging Release|Any CPU
		{EB829CB5-FD6B-48F5-BCA1-7CFCF391BBB0}.Staging Release|Any CPU.Build.0 = Staging Release|Any CPU
	EndGlobalSection
	GlobalSection(SolutionProperties) = preSolution
		HideSolutionNode = FALSE
	EndGlobalSection
EndGlobal
