<?xml version="1.0" encoding="utf-8"?>
<Project ToolsVersion="4.0" xmlns="http://schemas.microsoft.com/developer/msbuild/2003">
  <ItemGroup>
    <Filter Include="Source">
      <UniqueIdentifier>{371cdde1-bf44-43bc-af9b-ee50a9ee1067}</UniqueIdentifier>
    </Filter>
    <Filter Include="Data">
      <UniqueIdentifier>{2f74adfa-5f2d-4ed7-815d-7ec4c4517895}</UniqueIdentifier>
    </Filter>
  </ItemGroup>
  <ItemGroup>
    <None Include="sample.xpm">
      <Filter>Data</Filter>
    </None>
  </ItemGroup>
  <ItemGroup>
    <ClCompile Include="calendar.cpp">
      <Filter>Source</Filter>
    </ClCompile>
  </ItemGroup>
</Project>