
Microsoft Visual Studio Solution File, Format Version 11.00
# Visual Studio 2010
Project("{FAE04EC0-301F-11D3-BF4B-00C04F79EFBC}") = "Nequeo.Maintenance.Timing", "Nequeo.Maintenance.Timing\Nequeo.Maintenance.Timing.csproj", "{AF97A600-8013-476F-A854-D73EC9188CBF}"
EndProject
Global
	GlobalSection(SolutionConfigurationPlatforms) = preSolution
		Debug|Any CPU = Debug|Any CPU
		Release|Any CPU = Release|Any CPU
	EndGlobalSection
	GlobalSection(ProjectConfigurationPlatforms) = postSolution
		{AF97A600-8013-476F-A854-D73EC9188CBF}.Debug|Any CPU.ActiveCfg = Debug|Any CPU
		{AF97A600-8013-476F-A854-D73EC9188CBF}.Debug|Any CPU.Build.0 = Debug|Any CPU
		{AF97A600-8013-476F-A854-D73EC9188CBF}.Release|Any CPU.ActiveCfg = Release|Any CPU
		{AF97A600-8013-476F-A854-D73EC9188CBF}.Release|Any CPU.Build.0 = Release|Any CPU
	EndGlobalSection
	GlobalSection(MonoDevelopProperties) = preSolution
		StartupItem = Nequeo.Maintenance.Timing\Nequeo.Maintenance.Timing.csproj
	EndGlobalSection
EndGlobal
