<?xml version="1.0" encoding="utf-8"?>
<Project ToolsVersion="14.0" xmlns="http://schemas.microsoft.com/developer/msbuild/2003">
  <ItemGroup>
    <Filter Include="Resources">
      <UniqueIdentifier>13f05264-ba31-45f3-8f40-a7b697f0b3ba</UniqueIdentifier>
      <Extensions>rc;ico;cur;bmp;dlg;rc2;rct;bin;rgs;gif;jpg;jpeg;jpe;resx;tga;tiff;tif;png;wav;mfcribbon-ms</Extensions>
    </Filter>
    <Filter Include="Header Files">
      <UniqueIdentifier>{af8a0512-1d3f-496f-aa2e-c9e63a9ee264}</UniqueIdentifier>
    </Filter>
    <Filter Include="Source Files">
      <UniqueIdentifier>{96130b85-4094-4b2f-a93b-bbeca4e28830}</UniqueIdentifier>
    </Filter>
  </ItemGroup>
  <ItemGroup>
    <ClCompile Include="pch.cpp" />
    <ClCompile Include="StoreByteStream.cpp">
      <Filter>Source Files</Filter>
    </ClCompile>
    <ClCompile Include="ReadByteAsyncCallback.cpp">
      <Filter>Source Files</Filter>
    </ClCompile>
    <ClCompile Include="ReadByteContainer.cpp">
      <Filter>Source Files</Filter>
    </ClCompile>
    <ClCompile Include="WriteByteAsyncCallback.cpp">
      <Filter>Source Files</Filter>
    </ClCompile>
    <ClCompile Include="WriteByteContainer.cpp">
      <Filter>Source Files</Filter>
    </ClCompile>
    <ClCompile Include="MediaByteStream.cpp">
      <Filter>Source Files</Filter>
    </ClCompile>
    <ClCompile Include="MediaCapture.cpp">
      <Filter>Source Files</Filter>
    </ClCompile>
    <ClCompile Include="MediaCaptureMa.cpp">
      <Filter>Source Files</Filter>
    </ClCompile>
  </ItemGroup>
  <ItemGroup>
    <ClInclude Include="pch.h" />
    <ClInclude Include="MediaGlobal.h">
      <Filter>Header Files</Filter>
    </ClInclude>
    <ClInclude Include="StoreByteStream.h">
      <Filter>Header Files</Filter>
    </ClInclude>
    <ClInclude Include="ReadByteAsyncCallback.h">
      <Filter>Header Files</Filter>
    </ClInclude>
    <ClInclude Include="ReadByteContainer.h">
      <Filter>Header Files</Filter>
    </ClInclude>
    <ClInclude Include="WriteByteAsyncCallback.h">
      <Filter>Header Files</Filter>
    </ClInclude>
    <ClInclude Include="WriteByteContainer.h">
      <Filter>Header Files</Filter>
    </ClInclude>
    <ClInclude Include="MediaByteStream.h">
      <Filter>Header Files</Filter>
    </ClInclude>
    <ClInclude Include="MediaCapture.h">
      <Filter>Header Files</Filter>
    </ClInclude>
    <ClInclude Include="CriticalSectionHandler.h">
      <Filter>Header Files</Filter>
    </ClInclude>
    <ClInclude Include="PlayerState.h">
      <Filter>Header Files</Filter>
    </ClInclude>
    <ClInclude Include="MediaCaptureMa.h">
      <Filter>Header Files</Filter>
    </ClInclude>
  </ItemGroup>
</Project>