
Microsoft Visual Studio Solution File, Format Version 11.00
# Visual Studio 2010
Project("{FAE04EC0-301F-11D3-BF4B-00C04F79EFBC}") = "Nequeo.Data.Linq", "Nequeo.Data.Linq\Nequeo.Data.Linq.csproj", "{19A4BDCF-776C-404E-9408-7EFE1ADA88B4}"
EndProject
Global
	GlobalSection(TeamFoundationVersionControl) = preSolution
		SccNumberOfProjects = 2
		SccEnterpriseProvider = {4CA58AB2-18FA-4F8D-95D4-32DDF27D184C}
		SccTeamFoundationServer = http://development:8080/tfs/nequeocollection
		SccLocalPath0 = .
		SccProjectUniqueName1 = Nequeo.Data.Linq\\Nequeo.Data.Linq.csproj
		SccProjectName1 = Nequeo.Data.Linq
		SccLocalPath1 = Nequeo.Data.Linq
	EndGlobalSection
	GlobalSection(SolutionConfigurationPlatforms) = preSolution
		Debug|Any CPU = Debug|Any CPU
		Release|Any CPU = Release|Any CPU
	EndGlobalSection
	GlobalSection(ProjectConfigurationPlatforms) = postSolution
		{19A4BDCF-776C-404E-9408-7EFE1ADA88B4}.Debug|Any CPU.ActiveCfg = Debug|Any CPU
		{19A4BDCF-776C-404E-9408-7EFE1ADA88B4}.Debug|Any CPU.Build.0 = Debug|Any CPU
		{19A4BDCF-776C-404E-9408-7EFE1ADA88B4}.Release|Any CPU.ActiveCfg = Release|Any CPU
		{19A4BDCF-776C-404E-9408-7EFE1ADA88B4}.Release|Any CPU.Build.0 = Release|Any CPU
	EndGlobalSection
	GlobalSection(SolutionProperties) = preSolution
		HideSolutionNode = FALSE
	EndGlobalSection
EndGlobal
