
Microsoft Visual Studio Solution File, Format Version 11.00
# Visual Studio 2010
Project("{FAE04EC0-301F-11D3-BF4B-00C04F79EFBC}") = "Nequeo.DomianName", "Nequeo.DomianName\Nequeo.DomianName.csproj", "{B512F38C-D024-48DB-BBBC-F95BE64E6AC1}"
EndProject
Project("{FAE04EC0-301F-11D3-BF4B-00C04F79EFBC}") = "Test.Domain.Name", "Test.Domain.Name\Test.Domain.Name.csproj", "{D3453491-131D-44E8-9D01-412A02649741}"
EndProject
Project("{2150E333-8FDC-42A3-9474-1A3956D46DE8}") = "Solution Items", "Solution Items", "{5C3AD969-8F17-4942-96D8-37C98DF9D10A}"
	ProjectSection(SolutionItems) = preProject
		Local.testsettings = Local.testsettings
		Nequeo.DomianName.vsmdi = Nequeo.DomianName.vsmdi
		TraceAndTestImpact.testsettings = TraceAndTestImpact.testsettings
	EndProjectSection
EndProject
Global
	GlobalSection(TeamFoundationVersionControl) = preSolution
		SccNumberOfProjects = 3
		SccEnterpriseProvider = {4CA58AB2-18FA-4F8D-95D4-32DDF27D184C}
		SccTeamFoundationServer = http://development:8080/tfs/nequeocollection
		SccLocalPath0 = .
		SccProjectUniqueName1 = Nequeo.DomianName\\Nequeo.DomianName.csproj
		SccProjectName1 = Nequeo.DomianName
		SccLocalPath1 = Nequeo.DomianName
		SccProjectUniqueName2 = Test.Domain.Name\\Test.Domain.Name.csproj
		SccProjectName2 = Test.Domain.Name
		SccLocalPath2 = Test.Domain.Name
	EndGlobalSection
	GlobalSection(TestCaseManagementSettings) = postSolution
		CategoryFile = Nequeo.DomianName.vsmdi
	EndGlobalSection
	GlobalSection(SolutionConfigurationPlatforms) = preSolution
		Debug|Any CPU = Debug|Any CPU
		Debug|x86 = Debug|x86
		Release|Any CPU = Release|Any CPU
		Release|x86 = Release|x86
	EndGlobalSection
	GlobalSection(ProjectConfigurationPlatforms) = postSolution
		{B512F38C-D024-48DB-BBBC-F95BE64E6AC1}.Debug|Any CPU.ActiveCfg = Debug|Any CPU
		{B512F38C-D024-48DB-BBBC-F95BE64E6AC1}.Debug|Any CPU.Build.0 = Debug|Any CPU
		{B512F38C-D024-48DB-BBBC-F95BE64E6AC1}.Debug|x86.ActiveCfg = Debug|x86
		{B512F38C-D024-48DB-BBBC-F95BE64E6AC1}.Debug|x86.Build.0 = Debug|x86
		{B512F38C-D024-48DB-BBBC-F95BE64E6AC1}.Release|Any CPU.ActiveCfg = Release|Any CPU
		{B512F38C-D024-48DB-BBBC-F95BE64E6AC1}.Release|Any CPU.Build.0 = Release|Any CPU
		{B512F38C-D024-48DB-BBBC-F95BE64E6AC1}.Release|x86.ActiveCfg = Release|x86
		{B512F38C-D024-48DB-BBBC-F95BE64E6AC1}.Release|x86.Build.0 = Release|x86
		{D3453491-131D-44E8-9D01-412A02649741}.Debug|Any CPU.ActiveCfg = Debug|Any CPU
		{D3453491-131D-44E8-9D01-412A02649741}.Debug|Any CPU.Build.0 = Debug|Any CPU
		{D3453491-131D-44E8-9D01-412A02649741}.Debug|x86.ActiveCfg = Debug|Any CPU
		{D3453491-131D-44E8-9D01-412A02649741}.Release|Any CPU.ActiveCfg = Release|Any CPU
		{D3453491-131D-44E8-9D01-412A02649741}.Release|Any CPU.Build.0 = Release|Any CPU
		{D3453491-131D-44E8-9D01-412A02649741}.Release|x86.ActiveCfg = Release|Any CPU
	EndGlobalSection
	GlobalSection(SolutionProperties) = preSolution
		HideSolutionNode = FALSE
	EndGlobalSection
EndGlobal
