
Microsoft Visual Studio Solution File, Format Version 11.00
# Visual Studio 2010
Project("{FAE04EC0-301F-11D3-BF4B-00C04F79EFBC}") = "Nequeo.Http", "Nequeo.Http\Nequeo.Http.csproj", "{4193FCA3-4382-486F-B5DC-1298648E904C}"
EndProject
Global
	GlobalSection(TeamFoundationVersionControl) = preSolution
		SccNumberOfProjects = 2
		SccEnterpriseProvider = {4CA58AB2-18FA-4F8D-95D4-32DDF27D184C}
		SccTeamFoundationServer = http://development:8080/tfs/nequeocollection
		SccLocalPath0 = .
		SccProjectUniqueName1 = Nequeo.Http\\Nequeo.Http.csproj
		SccProjectName1 = Nequeo.Http
		SccLocalPath1 = Nequeo.Http
	EndGlobalSection
	GlobalSection(SolutionConfigurationPlatforms) = preSolution
		Debug|Any CPU = Debug|Any CPU
		Debug|x86 = Debug|x86
		Release|Any CPU = Release|Any CPU
		Release|x86 = Release|x86
	EndGlobalSection
	GlobalSection(ProjectConfigurationPlatforms) = postSolution
		{4193FCA3-4382-486F-B5DC-1298648E904C}.Debug|Any CPU.ActiveCfg = Debug|Any CPU
		{4193FCA3-4382-486F-B5DC-1298648E904C}.Debug|Any CPU.Build.0 = Debug|Any CPU
		{4193FCA3-4382-486F-B5DC-1298648E904C}.Debug|x86.ActiveCfg = Debug|Any CPU
		{4193FCA3-4382-486F-B5DC-1298648E904C}.Debug|x86.Build.0 = Debug|Any CPU
		{4193FCA3-4382-486F-B5DC-1298648E904C}.Release|Any CPU.ActiveCfg = Release|Any CPU
		{4193FCA3-4382-486F-B5DC-1298648E904C}.Release|Any CPU.Build.0 = Release|Any CPU
		{4193FCA3-4382-486F-B5DC-1298648E904C}.Release|x86.ActiveCfg = Release|x86
		{4193FCA3-4382-486F-B5DC-1298648E904C}.Release|x86.Build.0 = Release|x86
	EndGlobalSection
	GlobalSection(SolutionProperties) = preSolution
		HideSolutionNode = FALSE
	EndGlobalSection
EndGlobal
